
Microsoft Visual Studio Solution File, Format Version 12.00
# Visual Studio Version 16
VisualStudioVersion = 16.0.30114.105
MinimumVisualStudioVersion = 10.0.40219.1
Project("{9A19103F-16F7-4668-BE54-9A1E7A4F7556}") = "TaTooIne.Demo", "src\TaTooIne.Demo\TaTooIne.Demo.csproj", "{D361DFDC-EE62-4390-A5DB-A1F444401C22}"
EndProject
Project("{9A19103F-16F7-4668-BE54-9A1E7A4F7556}") = "TaTooIne.Benchmark", "src\TaTooIne.Benchmark\TaTooIne.Benchmark.csproj", "{DA40CCA0-45E5-4341-85EA-8B6E55B61C52}"
EndProject
Global
	GlobalSection(SolutionConfigurationPlatforms) = preSolution
		Debug|Any CPU = Debug|Any CPU
		Release|Any CPU = Release|Any CPU
	EndGlobalSection
	GlobalSection(ProjectConfigurationPlatforms) = postSolution
		{D361DFDC-EE62-4390-A5DB-A1F444401C22}.Debug|Any CPU.ActiveCfg = Debug|Any CPU
		{D361DFDC-EE62-4390-A5DB-A1F444401C22}.Debug|Any CPU.Build.0 = Debug|Any CPU
		{D361DFDC-EE62-4390-A5DB-A1F444401C22}.Release|Any CPU.ActiveCfg = Release|Any CPU
		{D361DFDC-EE62-4390-A5DB-A1F444401C22}.Release|Any CPU.Build.0 = Release|Any CPU
		{DA40CCA0-45E5-4341-85EA-8B6E55B61C52}.Debug|Any CPU.ActiveCfg = Debug|Any CPU
		{DA40CCA0-45E5-4341-85EA-8B6E55B61C52}.Debug|Any CPU.Build.0 = Debug|Any CPU
		{DA40CCA0-45E5-4341-85EA-8B6E55B61C52}.Release|Any CPU.ActiveCfg = Release|Any CPU
		{DA40CCA0-45E5-4341-85EA-8B6E55B61C52}.Release|Any CPU.Build.0 = Release|Any CPU
	EndGlobalSection
	GlobalSection(SolutionProperties) = preSolution
		HideSolutionNode = FALSE
	EndGlobalSection
	GlobalSection(ExtensibilityGlobals) = postSolution
		SolutionGuid = {5F187E08-66C8-4D4A-A282-D0BBA5BED585}
	EndGlobalSection
EndGlobal
